
Microsoft Visual Studio Solution File, Format Version 12.00
# Visual Studio 15
VisualStudioVersion = 15.0.28307.329
MinimumVisualStudioVersion = 10.0.40219.1
Project("{FAE04EC0-301F-11D3-BF4B-00C04F79EFBC}") = "Blazaco", "Blazaco.csproj", "{8FB9D9A3-2BB9-4F99-A98C-6D8E846B8A18}"
EndProject
Global
	GlobalSection(SolutionConfigurationPlatforms) = preSolution
		Debug|Any CPU = Debug|Any CPU
		Release|Any CPU = Release|Any CPU
	EndGlobalSection
	GlobalSection(ProjectConfigurationPlatforms) = postSolution
		{8FB9D9A3-2BB9-4F99-A98C-6D8E846B8A18}.Debug|Any CPU.ActiveCfg = Debug|Any CPU
		{8FB9D9A3-2BB9-4F99-A98C-6D8E846B8A18}.Debug|Any CPU.Build.0 = Debug|Any CPU
		{8FB9D9A3-2BB9-4F99-A98C-6D8E846B8A18}.Release|Any CPU.ActiveCfg = Release|Any CPU
		{8FB9D9A3-2BB9-4F99-A98C-6D8E846B8A18}.Release|Any CPU.Build.0 = Release|Any CPU
	EndGlobalSection
	GlobalSection(SolutionProperties) = preSolution
		HideSolutionNode = FALSE
	EndGlobalSection
	GlobalSection(ExtensibilityGlobals) = postSolution
		SolutionGuid = {32F0DAA0-BDB9-439A-8066-52901866E62F}
	EndGlobalSection
EndGlobal
