
Microsoft Visual Studio Solution File, Format Version 12.00
# Visual Studio 15
VisualStudioVersion = 15.0.28307.329
MinimumVisualStudioVersion = 10.0.40219.1
Project("{9A19103F-16F7-4668-BE54-9A1E7A4F7556}") = "BlazacoTestApp", "samples\BlazacoTestApp\BlazacoTestApp.csproj", "{B5EF2824-AFEA-4467-BAE1-896C149BDB52}"
EndProject
Project("{9A19103F-16F7-4668-BE54-9A1E7A4F7556}") = "Blazaco", "src\Blazaco\Blazaco.csproj", "{B2A7B128-F8CF-4B22-A271-C9C2755EADAA}"
EndProject
Global
	GlobalSection(SolutionConfigurationPlatforms) = preSolution
		Debug|Any CPU = Debug|Any CPU
		Release|Any CPU = Release|Any CPU
	EndGlobalSection
	GlobalSection(ProjectConfigurationPlatforms) = postSolution
		{B5EF2824-AFEA-4467-BAE1-896C149BDB52}.Debug|Any CPU.ActiveCfg = Debug|Any CPU
		{B5EF2824-AFEA-4467-BAE1-896C149BDB52}.Debug|Any CPU.Build.0 = Debug|Any CPU
		{B5EF2824-AFEA-4467-BAE1-896C149BDB52}.Release|Any CPU.ActiveCfg = Release|Any CPU
		{B5EF2824-AFEA-4467-BAE1-896C149BDB52}.Release|Any CPU.Build.0 = Release|Any CPU
		{B2A7B128-F8CF-4B22-A271-C9C2755EADAA}.Debug|Any CPU.ActiveCfg = Debug|Any CPU
		{B2A7B128-F8CF-4B22-A271-C9C2755EADAA}.Debug|Any CPU.Build.0 = Debug|Any CPU
		{B2A7B128-F8CF-4B22-A271-C9C2755EADAA}.Release|Any CPU.ActiveCfg = Release|Any CPU
		{B2A7B128-F8CF-4B22-A271-C9C2755EADAA}.Release|Any CPU.Build.0 = Release|Any CPU
	EndGlobalSection
	GlobalSection(SolutionProperties) = preSolution
		HideSolutionNode = FALSE
	EndGlobalSection
	GlobalSection(ExtensibilityGlobals) = postSolution
		SolutionGuid = {32F0DAA0-BDB9-439A-8066-52901866E62F}
	EndGlobalSection
EndGlobal
